
Microsoft Visual Studio Solution File, Format Version 12.00
# Visual Studio Version 16
VisualStudioVersion = 16.0.31112.23
MinimumVisualStudioVersion = 10.0.40219.1
Project("{FAE04EC0-301F-11D3-BF4B-00C04F79EFBC}") = "AplikasiPeminjamanRuangan", "AplikasiPeminjamanRuangan.csproj", "{F9E26519-7731-4624-ACBC-CBE1AD569825}"
EndProject
Global
	GlobalSection(SolutionConfigurationPlatforms) = preSolution
		Debug|Any CPU = Debug|Any CPU
		Release|Any CPU = Release|Any CPU
	EndGlobalSection
	GlobalSection(ProjectConfigurationPlatforms) = postSolution
		{F9E26519-7731-4624-ACBC-CBE1AD569825}.Debug|Any CPU.ActiveCfg = Debug|Any CPU
		{F9E26519-7731-4624-ACBC-CBE1AD569825}.Debug|Any CPU.Build.0 = Debug|Any CPU
		{F9E26519-7731-4624-ACBC-CBE1AD569825}.Release|Any CPU.ActiveCfg = Release|Any CPU
		{F9E26519-7731-4624-ACBC-CBE1AD569825}.Release|Any CPU.Build.0 = Release|Any CPU
	EndGlobalSection
	GlobalSection(SolutionProperties) = preSolution
		HideSolutionNode = FALSE
	EndGlobalSection
	GlobalSection(ExtensibilityGlobals) = postSolution
		SolutionGuid = {8A2A8FA9-310F-4553-B292-22CF0601DAD6}
	EndGlobalSection
EndGlobal
